<?xml version="1.0" encoding="utf-8"?>
<Project ToolsVersion="4.0" xmlns="http://schemas.microsoft.com/developer/msbuild/2003">
  <ItemGroup>
    <ClCompile Include="Example_01.cpp">
      <Filter>Lesson\01. 프로그래밍 입문</Filter>
    </ClCompile>
    <ClCompile Include="변수.cpp">
      <Filter>Lesson\02. 자료형 + 변수 + 난수%28C++ 11%29</Filter>
    </ClCompile>
    <ClCompile Include="23.05.03_나머지연산자 + 도트아트.cpp">
      <Filter>과제</Filter>
    </ClCompile>
    <ClCompile Include="반복문.cpp">
      <Filter>Lesson\03. 반복문</Filter>
    </ClCompile>
    <ClCompile Include="23.05.04_반복문.cpp">
      <Filter>과제</Filter>
    </ClCompile>
    <ClCompile Include="Example_04.cpp">
      <Filter>Lesson\04. 조건문</Filter>
    </ClCompile>
    <ClCompile Include="Example_05.cpp">
      <Filter>Lesson\04. 조건문</Filter>
    </ClCompile>
    <ClCompile Include="23.05.08_반복문 + 조건문 + 연산자 게임만들기.cpp">
      <Filter>과제</Filter>
    </ClCompile>
    <ClCompile Include="Example_06.cpp">
      <Filter>Lesson\05. 함수 + 변/상수 + 전처리기</Filter>
    </ClCompile>
    <ClCompile Include="Example_07.cpp">
      <Filter>Lesson\05. 함수 + 변/상수 + 전처리기</Filter>
    </ClCompile>
    <ClCompile Include="23.05.09_배운 것 복습 + 가위바위보.cpp">
      <Filter>과제</Filter>
    </ClCompile>
    <ClCompile Include="23.05.09_타임어택 연.cpp">
      <Filter>과제</Filter>
    </ClCompile>
    <ClCompile Include="23.05.09_복습구현화.cpp">
      <Filter>과제</Filter>
    </ClCompile>
  </ItemGroup>
  <ItemGroup>
    <Filter Include="Lesson">
      <UniqueIdentifier>{f4c3d6bb-064d-4b32-ad53-fcce16ed4727}</UniqueIdentifier>
    </Filter>
    <Filter Include="Lesson\01. 프로그래밍 입문">
      <UniqueIdentifier>{df807111-7628-491a-82a6-52aafc37d33f}</UniqueIdentifier>
    </Filter>
    <Filter Include="Lesson\02. 자료형 + 변수 + 난수%28C++ 11%29">
      <UniqueIdentifier>{fc5d3543-3b6b-4c5b-adde-f0c48d6c4a09}</UniqueIdentifier>
    </Filter>
    <Filter Include="과제">
      <UniqueIdentifier>{512ec176-7a69-48ff-bbc1-14d045b166ad}</UniqueIdentifier>
    </Filter>
    <Filter Include="Lesson\03. 반복문">
      <UniqueIdentifier>{84e4adda-05be-47d7-a77d-56646fc9d9a4}</UniqueIdentifier>
    </Filter>
    <Filter Include="Lesson\04. 조건문">
      <UniqueIdentifier>{5fe92475-37ae-42f2-87e6-74c83bf30a6d}</UniqueIdentifier>
    </Filter>
    <Filter Include="Lesson\05. 함수 + 변/상수 + 전처리기">
      <UniqueIdentifier>{efd8de7b-3259-4b6b-a344-f911ba791452}</UniqueIdentifier>
    </Filter>
  </ItemGroup>
</Project>